// !$*UTF8*$!
{
	archiveVersion = 1;
	classes = {
	};
	objectVersion = 46;
	objects = {

/* Begin PBXBuildFile section */
		A4ACD6C0155386240086EB12 /* UIKit.framework in Frameworks */ = {isa = PBXBuildFile; fileRef = A4ACD6BF155386240086EB12 /* UIKit.framework */; };
		A4ACD6C2155386240086EB12 /* Foundation.framework in Frameworks */ = {isa = PBXBuildFile; fileRef = A4ACD6C1155386240086EB12 /* Foundation.framework */; };
		A4ACD6C4155386240086EB12 /* CoreGraphics.framework in Frameworks */ = {isa = PBXBuildFile; fileRef = A4ACD6C3155386240086EB12 /* CoreGraphics.framework */; };
		A4ACD6CA155386240086EB12 /* InfoPlist.strings in Resources */ = {isa = PBXBuildFile; fileRef = A4ACD6C8155386240086EB12 /* InfoPlist.strings */; };
		A4ACD6CC155386240086EB12 /* main.m in Sources */ = {isa = PBXBuildFile; fileRef = A4ACD6CB155386240086EB12 /* main.m */; };
		A4ACD6D0155386240086EB12 /* AppDelegate.m in Sources */ = {isa = PBXBuildFile; fileRef = A4ACD6CF155386240086EB12 /* AppDelegate.m */; };
		A4ACD6D3155386240086EB12 /* ViewController.m in Sources */ = {isa = PBXBuildFile; fileRef = A4ACD6D2155386240086EB12 /* ViewController.m */; };
		A4ACD6D6155386240086EB12 /* ViewController.xib in Resources */ = {isa = PBXBuildFile; fileRef = A4ACD6D4155386240086EB12 /* ViewController.xib */; };
/* End PBXBuildFile section */

/* Begin PBXFileReference section */
		A4ACD6BB155386240086EB12 /* Test.app */ = {isa = PBXFileReference; explicitFileType = wrapper.application; includeInIndex = 0; path = Test.app; sourceTree = BUILT_PRODUCTS_DIR; };
		A4ACD6BF155386240086EB12 /* UIKit.framework */ = {isa = PBXFileReference; lastKnownFileType = wrapper.framework; name = UIKit.framework; path = System/Library/Frameworks/UIKit.framework; sourceTree = SDKROOT; };
		A4ACD6C1155386240086EB12 /* Foundation.framework */ = {isa = PBXFileReference; lastKnownFileType = wrapper.framework; name = Foundation.framework; path = System/Library/Frameworks/Foundation.framework; sourceTree = SDKROOT; };
		A4ACD6C3155386240086EB12 /* CoreGraphics.framework */ = {isa = PBXFileReference; lastKnownFileType = wrapper.framework; name = CoreGraphics.framework; path = System/Library/Frameworks/CoreGraphics.framework; sourceTree = SDKROOT; };
		A4ACD6C7155386240086EB12 /* Test-Info.plist */ = {isa = PBXFileReference; lastKnownFileType = text.plist.xml; path = "Test-Info.plist"; sourceTree = "<group>"; };
		A4ACD6C9155386240086EB12 /* en */ = {isa = PBXFileReference; lastKnownFileType = text.plist.strings; name = en; path = en.lproj/InfoPlist.strings; sourceTree = "<group>"; };
		A4ACD6CB155386240086EB12 /* main.m */ = {isa = PBXFileReference; lastKnownFileType = sourcecode.c.objc; path = main.m; sourceTree = "<group>"; };
		A4ACD6CD155386240086EB12 /* Test-Prefix.pch */ = {isa = PBXFileReference; lastKnownFileType = sourcecode.c.h; path = "Test-Prefix.pch"; sourceTree = "<group>"; };
		A4ACD6CE155386240086EB12 /* AppDelegate.h */ = {isa = PBXFileReference; lastKnownFileType = sourcecode.c.h; path = AppDelegate.h; sourceTree = "<group>"; };
		A4ACD6CF155386240086EB12 /* AppDelegate.m */ = {isa = PBXFileReference; lastKnownFileType = sourcecode.c.objc; path = AppDelegate.m; sourceTree = "<group>"; };
		A4ACD6D1155386240086EB12 /* ViewController.h */ = {isa = PBXFileReference; lastKnownFileType = sourcecode.c.h; path = ViewController.h; sourceTree = "<group>"; };
		A4ACD6D2155386240086EB12 /* ViewController.m */ = {isa = PBXFileReference; lastKnownFileType = sourcecode.c.objc; path = ViewController.m; sourceTree = "<group>"; };
		A4ACD6D5155386240086EB12 /* en */ = {isa = PBXFileReference; lastKnownFileType = file.xib; name = en; path = en.lproj/ViewController.xib; sourceTree = "<group>"; };
/* End PBXFileReference section */

/* Begin PBXFrameworksBuildPhase section */
		A4ACD6B8155386240086EB12 /* Frameworks */ = {
			isa = PBXFrameworksBuildPhase;
			buildActionMask = 2147483647;
			files = (
				A4ACD6C0155386240086EB12 /* UIKit.framework in Frameworks */,
				A4ACD6C2155386240086EB12 /* Foundation.framework in Frameworks */,
				A4ACD6C4155386240086EB12 /* CoreGraphics.framework in Frameworks */,
			);
			runOnlyForDeploymentPostprocessing = 0;
		};
/* End PBXFrameworksBuildPhase section */

/* Begin PBXGroup section */
		A4ACD6B0155386230086EB12 = {
			isa = PBXGroup;
			children = (
				A4ACD6C5155386240086EB12 /* Test */,
				A4ACD6BE155386240086EB12 /* Frameworks */,
				A4ACD6BC155386240086EB12 /* Products */,
			);
			sourceTree = "<group>";
		};
		A4ACD6BC155386240086EB12 /* Products */ = {
			isa = PBXGroup;
			children = (
				A4ACD6BB155386240086EB12 /* Test.app */,
			);
			name = Products;
			sourceTree = "<group>";
		};
		A4ACD6BE155386240086EB12 /* Frameworks */ = {
			isa = PBXGroup;
			children = (
				A4ACD6BF155386240086EB12 /* UIKit.framework */,
				A4ACD6C1155386240086EB12 /* Foundation.framework */,
				A4ACD6C3155386240086EB12 /* CoreGraphics.framework */,
			);
			name = Frameworks;
			sourceTree = "<group>";
		};
		A4ACD6C5155386240086EB12 /* Test */ = {
			isa = PBXGroup;
			children = (
				A4ACD6CE155386240086EB12 /* AppDelegate.h */,
				A4ACD6CF155386240086EB12 /* AppDelegate.m */,
				A4ACD6D1155386240086EB12 /* ViewController.h */,
				A4ACD6D2155386240086EB12 /* ViewController.m */,
				A4ACD6D4155386240086EB12 /* ViewController.xib */,
				A4ACD6C6155386240086EB12 /* Supporting Files */,
			);
			path = Test;
			sourceTree = "<group>";
		};
		A4ACD6C6155386240086EB12 /* Supporting Files */ = {
			isa = PBXGroup;
			children = (
				A4ACD6C7155386240086EB12 /* Test-Info.plist */,
				A4ACD6C8155386240086EB12 /* InfoPlist.strings */,
				A4ACD6CB155386240086EB12 /* main.m */,
				A4ACD6CD155386240086EB12 /* Test-Prefix.pch */,
			);
			name = "Supporting Files";
			sourceTree = "<group>";
		};
/* End PBXGroup section */

/* Begin PBXNativeTarget section */
		A4ACD6BA155386240086EB12 /* Test */ = {
			isa = PBXNativeTarget;
			buildConfigurationList = A4ACD6D9155386240086EB12 /* Build configuration list for PBXNativeTarget "Test" */;
			buildPhases = (
				A4ACD6B7155386240086EB12 /* Sources */,
				A4ACD6B8155386240086EB12 /* Frameworks */,
				A4ACD6B9155386240086EB12 /* Resources */,
			);
			buildRules = (
			);
			dependencies = (
			);
			name = Test;
			productName = Test;
			productReference = A4ACD6BB155386240086EB12 /* Test.app */;
			productType = "com.apple.product-type.application";
		};
/* End PBXNativeTarget section */

/* Begin PBXProject section */
		A4ACD6B2155386230086EB12 /* Project object */ = {
			isa = PBXProject;
			attributes = {
				LastUpgradeCheck = 0430;
			};
			buildConfigurationList = A4ACD6B5155386230086EB12 /* Build configuration list for PBXProject "Test" */;
			compatibilityVersion = "Xcode 3.2";
			developmentRegion = English;
			hasScannedForEncodings = 0;
			knownRegions = (
				en,
			);
			mainGroup = A4ACD6B0155386230086EB12;
			productRefGroup = A4ACD6BC155386240086EB12 /* Products */;
			projectDirPath = "";
			projectRoot = "";
			targets = (
				A4ACD6BA155386240086EB12 /* Test */,
			);
		};
/* End PBXProject section */

/* Begin PBXResourcesBuildPhase section */
		A4ACD6B9155386240086EB12 /* Resources */ = {
			isa = PBXResourcesBuildPhase;
			buildActionMask = 2147483647;
			files = (
				A4ACD6CA155386240086EB12 /* InfoPlist.strings in Resources */,
				A4ACD6D6155386240086EB12 /* ViewController.xib in Resources */,
			);
			runOnlyForDeploymentPostprocessing = 0;
		};
/* End PBXResourcesBuildPhase section */

/* Begin PBXSourcesBuildPhase section */
		A4ACD6B7155386240086EB12 /* Sources */ = {
			isa = PBXSourcesBuildPhase;
			buildActionMask = 2147483647;
			files = (
				A4ACD6CC155386240086EB12 /* main.m in Sources */,
				A4ACD6D0155386240086EB12 /* AppDelegate.m in Sources */,
				A4ACD6D3155386240086EB12 /* ViewController.m in Sources */,
			);
			runOnlyForDeploymentPostprocessing = 0;
		};
/* End PBXSourcesBuildPhase section */

/* Begin PBXVariantGroup section */
		A4ACD6C8155386240086EB12 /* InfoPlist.strings */ = {
			isa = PBXVariantGroup;
			children = (
				A4ACD6C9155386240086EB12 /* en */,
			);
			name = InfoPlist.strings;
			sourceTree = "<group>";
		};
		A4ACD6D4155386240086EB12 /* ViewController.xib */ = {
			isa = PBXVariantGroup;
			children = (
				A4ACD6D5155386240086EB12 /* en */,
			);
			name = ViewController.xib;
			sourceTree = "<group>";
		};
/* End PBXVariantGroup section */

/* Begin XCBuildConfiguration section */
		A4ACD6D7155386240086EB12 /* Debug */ = {
			isa = XCBuildConfiguration;
			buildSettings = {
				ALWAYS_SEARCH_USER_PATHS = NO;
				ARCHS = "$(ARCHS_STANDARD_32_BIT)";
				"CODE_SIGN_IDENTITY[sdk=iphoneos*]" = "iPhone Developer";
				COPY_PHASE_STRIP = NO;
				GCC_C_LANGUAGE_STANDARD = gnu99;
				GCC_DYNAMIC_NO_PIC = NO;
				GCC_OPTIMIZATION_LEVEL = 0;
				GCC_PREPROCESSOR_DEFINITIONS = (
					"DEBUG=1",
					"$(inherited)",
				);
				GCC_SYMBOLS_PRIVATE_EXTERN = NO;
				GCC_VERSION = com.apple.compilers.llvm.clang.1_0;
				GCC_WARN_ABOUT_RETURN_TYPE = YES;
				GCC_WARN_UNINITIALIZED_AUTOS = YES;
				GCC_WARN_UNUSED_VARIABLE = YES;
				IPHONEOS_DEPLOYMENT_TARGET = 5.1;
				SDKROOT = iphoneos;
				TARGETED_DEVICE_FAMILY = 2;
			};
			name = Debug;
		};
		A4ACD6D8155386240086EB12 /* Release */ = {
			isa = XCBuildConfiguration;
			buildSettings = {
				ALWAYS_SEARCH_USER_PATHS = NO;
				ARCHS = "$(ARCHS_STANDARD_32_BIT)";
				"CODE_SIGN_IDENTITY[sdk=iphoneos*]" = "iPhone Developer";
				COPY_PHASE_STRIP = YES;
				GCC_C_LANGUAGE_STANDARD = gnu99;
				GCC_VERSION = com.apple.compilers.llvm.clang.1_0;
				GCC_WARN_ABOUT_RETURN_TYPE = YES;
				GCC_WARN_UNINITIALIZED_AUTOS = YES;
				GCC_WARN_UNUSED_VARIABLE = YES;
				IPHONEOS_DEPLOYMENT_TARGET = 5.1;
				OTHER_CFLAGS = "-DNS_BLOCK_ASSERTIONS=1";
				SDKROOT = iphoneos;
				TARGETED_DEVICE_FAMILY = 2;
				VALIDATE_PRODUCT = YES;
			};
			name = Release;
		};
		A4ACD6DA155386240086EB12 /* Debug */ = {
			isa = XCBuildConfiguration;
			buildSettings = {
				GCC_PRECOMPILE_PREFIX_HEADER = YES;
				GCC_PREFIX_HEADER = "Test/Test-Prefix.pch";
				INFOPLIST_FILE = "Test/Test-Info.plist";
				IPHONEOS_DEPLOYMENT_TARGET = 5.0;
				PRODUCT_NAME = "$(TARGET_NAME)";
				WRAPPER_EXTENSION = app;
			};
			name = Debug;
		};
		A4ACD6DB155386240086EB12 /* Release */ = {
			isa = XCBuildConfiguration;
			buildSettings = {
				GCC_PRECOMPILE_PREFIX_HEADER = YES;
				GCC_PREFIX_HEADER = "Test/Test-Prefix.pch";
				INFOPLIST_FILE = "Test/Test-Info.plist";
				IPHONEOS_DEPLOYMENT_TARGET = 5.0;
				PRODUCT_NAME = "$(TARGET_NAME)";
				WRAPPER_EXTENSION = app;
			};
			name = Release;
		};
/* End XCBuildConfiguration section */

/* Begin XCConfigurationList section */
		A4ACD6B5155386230086EB12 /* Build configuration list for PBXProject "Test" */ = {
			isa = XCConfigurationList;
			buildConfigurations = (
				A4ACD6D7155386240086EB12 /* Debug */,
				A4ACD6D8155386240086EB12 /* Release */,
			);
			defaultConfigurationIsVisible = 0;
			defaultConfigurationName = Release;
		};
		A4ACD6D9155386240086EB12 /* Build configuration list for PBXNativeTarget "Test" */ = {
			isa = XCConfigurationList;
			buildConfigurations = (
				A4ACD6DA155386240086EB12 /* Debug */,
				A4ACD6DB155386240086EB12 /* Release */,
			);
			defaultConfigurationIsVisible = 0;
			defaultConfigurationName = Release;
		};
/* End XCConfigurationList section */
	};
	rootObject = A4ACD6B2155386230086EB12 /* Project object */;
}
